// !$*UTF8*$!
{
	archiveVersion = 1;
	classes = {
	};
	objectVersion = 51;
	objects = {

/* Begin PBXBuildFile section */
		ADAAF82AE765818A8BDCC464 /* Pods_KitamachiHutte.framework in Frameworks */ = {isa = PBXBuildFile; fileRef = E32C2FC74658F709816F42C1 /* Pods_KitamachiHutte.framework */; };
		E4336FB425622AFA003F03C8 /* KeyboardObserver.swift in Sources */ = {isa = PBXBuildFile; fileRef = E4336FB325622AFA003F03C8 /* KeyboardObserver.swift */; };
		E4336FB625624EC8003F03C8 /* PageView.swift in Sources */ = {isa = PBXBuildFile; fileRef = E4336FB525624EC8003F03C8 /* PageView.swift */; };
		E4336FB925625941003F03C8 /* PageViewController.swift in Sources */ = {isa = PBXBuildFile; fileRef = E4336FB725625941003F03C8 /* PageViewController.swift */; };
		E4336FBA25625941003F03C8 /* PageControl.swift in Sources */ = {isa = PBXBuildFile; fileRef = E4336FB825625941003F03C8 /* PageControl.swift */; };
		E4336FBC25625C4D003F03C8 /* TextOverlay.swift in Sources */ = {isa = PBXBuildFile; fileRef = E4336FBB25625C4D003F03C8 /* TextOverlay.swift */; };
		E4336FBE25625E03003F03C8 /* SpecialCard.swift in Sources */ = {isa = PBXBuildFile; fileRef = E4336FBD25625E03003F03C8 /* SpecialCard.swift */; };
		E4336FC0256260F2003F03C8 /* MapView.swift in Sources */ = {isa = PBXBuildFile; fileRef = E4336FBF256260F2003F03C8 /* MapView.swift */; };
		E436B7A0255E090F0043CA82 /* special.json in Resources */ = {isa = PBXBuildFile; fileRef = E436B79E255E090F0043CA82 /* special.json */; };
		E436B7A1255E090F0043CA82 /* Special.swift in Sources */ = {isa = PBXBuildFile; fileRef = E436B79F255E090F0043CA82 /* Special.swift */; };
		E436B7A5255E38A50043CA82 /* CategoryRow.swift in Sources */ = {isa = PBXBuildFile; fileRef = E436B7A4255E38A50043CA82 /* CategoryRow.swift */; };
		E436B7A9255E3E230043CA82 /* HomeView.swift in Sources */ = {isa = PBXBuildFile; fileRef = E436B7A8255E3E230043CA82 /* HomeView.swift */; };
		E43A6571257347D6008AF4C8 /* ReservationData.swift in Sources */ = {isa = PBXBuildFile; fileRef = E43A6570257347D6008AF4C8 /* ReservationData.swift */; };
		E43A6575257363C3008AF4C8 /* OwnerView.swift in Sources */ = {isa = PBXBuildFile; fileRef = E43A6574257363C3008AF4C8 /* OwnerView.swift */; };
		E43A657E257366DB008AF4C8 /* OwnerViewRow.swift in Sources */ = {isa = PBXBuildFile; fileRef = E43A657D257366DB008AF4C8 /* OwnerViewRow.swift */; };
		E44037672565F43500A33BF3 /* ReservationView.swift in Sources */ = {isa = PBXBuildFile; fileRef = E44037662565F43500A33BF3 /* ReservationView.swift */; };
		E440376B25661BC400A33BF3 /* SubMenu.swift in Sources */ = {isa = PBXBuildFile; fileRef = E440376A25661BC400A33BF3 /* SubMenu.swift */; };
		E440376F256631B700A33BF3 /* NameView.swift in Sources */ = {isa = PBXBuildFile; fileRef = E440376E256631B700A33BF3 /* NameView.swift */; };
		E4403771256645DA00A33BF3 /* ReservationDetail.swift in Sources */ = {isa = PBXBuildFile; fileRef = E4403770256645DA00A33BF3 /* ReservationDetail.swift */; };
		E4428D23255CC05200F9C1D1 /* AppDelegate.swift in Sources */ = {isa = PBXBuildFile; fileRef = E4428D22255CC05200F9C1D1 /* AppDelegate.swift */; };
		E4428D25255CC05200F9C1D1 /* SceneDelegate.swift in Sources */ = {isa = PBXBuildFile; fileRef = E4428D24255CC05200F9C1D1 /* SceneDelegate.swift */; };
		E4428D27255CC05200F9C1D1 /* ContentView.swift in Sources */ = {isa = PBXBuildFile; fileRef = E4428D26255CC05200F9C1D1 /* ContentView.swift */; };
		E4428D29255CC05700F9C1D1 /* Assets.xcassets in Resources */ = {isa = PBXBuildFile; fileRef = E4428D28255CC05700F9C1D1 /* Assets.xcassets */; };
		E4428D2C255CC05700F9C1D1 /* Preview Assets.xcassets in Resources */ = {isa = PBXBuildFile; fileRef = E4428D2B255CC05700F9C1D1 /* Preview Assets.xcassets */; };
		E4428D2F255CC05700F9C1D1 /* LaunchScreen.storyboard in Resources */ = {isa = PBXBuildFile; fileRef = E4428D2D255CC05700F9C1D1 /* LaunchScreen.storyboard */; };
		E4428D37255CD18800F9C1D1 /* UserDefault.swift in Sources */ = {isa = PBXBuildFile; fileRef = E4428D36255CD18800F9C1D1 /* UserDefault.swift */; };
		E4428D3B255CE4F200F9C1D1 /* OrderEntity.swift in Sources */ = {isa = PBXBuildFile; fileRef = E4428D38255CE4F200F9C1D1 /* OrderEntity.swift */; };
		E4428D3C255CE4F200F9C1D1 /* Data.swift in Sources */ = {isa = PBXBuildFile; fileRef = E4428D39255CE4F200F9C1D1 /* Data.swift */; };
		E49EEFAB257297F400C44D68 /* GoogleService-Info.plist in Resources */ = {isa = PBXBuildFile; fileRef = E49EEFAA257297F400C44D68 /* GoogleService-Info.plist */; };
		E4C95CC62564D4D60094AC7A /* HuttePage.swift in Sources */ = {isa = PBXBuildFile; fileRef = E4C95CC52564D4D60094AC7A /* HuttePage.swift */; };
		E4C95CC8256506480094AC7A /* BentoView.swift in Sources */ = {isa = PBXBuildFile; fileRef = E4C95CC7256506480094AC7A /* BentoView.swift */; };
		E4DE04D62570CB5000910FE1 /* MyReservationView.swift in Sources */ = {isa = PBXBuildFile; fileRef = E4DE04D52570CB5000910FE1 /* MyReservationView.swift */; };
/* End PBXBuildFile section */

/* Begin PBXFileReference section */
		653E626EF4265EE71569448E /* Pods-KitamachiHutte.debug.xcconfig */ = {isa = PBXFileReference; includeInIndex = 1; lastKnownFileType = text.xcconfig; name = "Pods-KitamachiHutte.debug.xcconfig"; path = "Target Support Files/Pods-KitamachiHutte/Pods-KitamachiHutte.debug.xcconfig"; sourceTree = "<group>"; };
		7FD5F7C7DCD7BE1031FA2116 /* Pods-KitamachiHutte.release.xcconfig */ = {isa = PBXFileReference; includeInIndex = 1; lastKnownFileType = text.xcconfig; name = "Pods-KitamachiHutte.release.xcconfig"; path = "Target Support Files/Pods-KitamachiHutte/Pods-KitamachiHutte.release.xcconfig"; sourceTree = "<group>"; };
		E32C2FC74658F709816F42C1 /* Pods_KitamachiHutte.framework */ = {isa = PBXFileReference; explicitFileType = wrapper.framework; includeInIndex = 0; path = Pods_KitamachiHutte.framework; sourceTree = BUILT_PRODUCTS_DIR; };
		E4336FB325622AFA003F03C8 /* KeyboardObserver.swift */ = {isa = PBXFileReference; fileEncoding = 4; lastKnownFileType = sourcecode.swift; path = KeyboardObserver.swift; sourceTree = "<group>"; };
		E4336FB525624EC8003F03C8 /* PageView.swift */ = {isa = PBXFileReference; lastKnownFileType = sourcecode.swift; path = PageView.swift; sourceTree = "<group>"; };
		E4336FB725625941003F03C8 /* PageViewController.swift */ = {isa = PBXFileReference; fileEncoding = 4; lastKnownFileType = sourcecode.swift; path = PageViewController.swift; sourceTree = "<group>"; };
		E4336FB825625941003F03C8 /* PageControl.swift */ = {isa = PBXFileReference; fileEncoding = 4; lastKnownFileType = sourcecode.swift; path = PageControl.swift; sourceTree = "<group>"; };
		E4336FBB25625C4D003F03C8 /* TextOverlay.swift */ = {isa = PBXFileReference; lastKnownFileType = sourcecode.swift; path = TextOverlay.swift; sourceTree = "<group>"; };
		E4336FBD25625E03003F03C8 /* SpecialCard.swift */ = {isa = PBXFileReference; lastKnownFileType = sourcecode.swift; path = SpecialCard.swift; sourceTree = "<group>"; };
		E4336FBF256260F2003F03C8 /* MapView.swift */ = {isa = PBXFileReference; lastKnownFileType = sourcecode.swift; path = MapView.swift; sourceTree = "<group>"; };
		E436B79E255E090F0043CA82 /* special.json */ = {isa = PBXFileReference; fileEncoding = 4; lastKnownFileType = text.json; path = special.json; sourceTree = "<group>"; };
		E436B79F255E090F0043CA82 /* Special.swift */ = {isa = PBXFileReference; fileEncoding = 4; lastKnownFileType = sourcecode.swift; path = Special.swift; sourceTree = "<group>"; };
		E436B7A4255E38A50043CA82 /* CategoryRow.swift */ = {isa = PBXFileReference; lastKnownFileType = sourcecode.swift; path = CategoryRow.swift; sourceTree = "<group>"; };
		E436B7A8255E3E230043CA82 /* HomeView.swift */ = {isa = PBXFileReference; lastKnownFileType = sourcecode.swift; path = HomeView.swift; sourceTree = "<group>"; };
		E43A6570257347D6008AF4C8 /* ReservationData.swift */ = {isa = PBXFileReference; lastKnownFileType = sourcecode.swift; path = ReservationData.swift; sourceTree = "<group>"; };
		E43A6574257363C3008AF4C8 /* OwnerView.swift */ = {isa = PBXFileReference; lastKnownFileType = sourcecode.swift; path = OwnerView.swift; sourceTree = "<group>"; };
		E43A657D257366DB008AF4C8 /* OwnerViewRow.swift */ = {isa = PBXFileReference; lastKnownFileType = sourcecode.swift; path = OwnerViewRow.swift; sourceTree = "<group>"; };
		E44037662565F43500A33BF3 /* ReservationView.swift */ = {isa = PBXFileReference; lastKnownFileType = sourcecode.swift; path = ReservationView.swift; sourceTree = "<group>"; };
		E440376925660AFD00A33BF3 /* ja */ = {isa = PBXFileReference; lastKnownFileType = file.storyboard; name = ja; path = ja.lproj/LaunchScreen.storyboard; sourceTree = "<group>"; };
		E440376A25661BC400A33BF3 /* SubMenu.swift */ = {isa = PBXFileReference; lastKnownFileType = sourcecode.swift; path = SubMenu.swift; sourceTree = "<group>"; };
		E440376E256631B700A33BF3 /* NameView.swift */ = {isa = PBXFileReference; lastKnownFileType = sourcecode.swift; path = NameView.swift; sourceTree = "<group>"; };
		E4403770256645DA00A33BF3 /* ReservationDetail.swift */ = {isa = PBXFileReference; lastKnownFileType = sourcecode.swift; path = ReservationDetail.swift; sourceTree = "<group>"; };
		E4428D1F255CC05200F9C1D1 /* KitamachiHutte.app */ = {isa = PBXFileReference; explicitFileType = wrapper.application; includeInIndex = 0; path = KitamachiHutte.app; sourceTree = BUILT_PRODUCTS_DIR; };
		E4428D22255CC05200F9C1D1 /* AppDelegate.swift */ = {isa = PBXFileReference; lastKnownFileType = sourcecode.swift; path = AppDelegate.swift; sourceTree = "<group>"; };
		E4428D24255CC05200F9C1D1 /* SceneDelegate.swift */ = {isa = PBXFileReference; lastKnownFileType = sourcecode.swift; path = SceneDelegate.swift; sourceTree = "<group>"; };
		E4428D26255CC05200F9C1D1 /* ContentView.swift */ = {isa = PBXFileReference; lastKnownFileType = sourcecode.swift; path = ContentView.swift; sourceTree = "<group>"; };
		E4428D28255CC05700F9C1D1 /* Assets.xcassets */ = {isa = PBXFileReference; lastKnownFileType = folder.assetcatalog; path = Assets.xcassets; sourceTree = "<group>"; };
		E4428D2B255CC05700F9C1D1 /* Preview Assets.xcassets */ = {isa = PBXFileReference; lastKnownFileType = folder.assetcatalog; path = "Preview Assets.xcassets"; sourceTree = "<group>"; };
		E4428D30255CC05700F9C1D1 /* Info.plist */ = {isa = PBXFileReference; lastKnownFileType = text.plist.xml; path = Info.plist; sourceTree = "<group>"; };
		E4428D36255CD18800F9C1D1 /* UserDefault.swift */ = {isa = PBXFileReference; lastKnownFileType = sourcecode.swift; path = UserDefault.swift; sourceTree = "<group>"; };
		E4428D38255CE4F200F9C1D1 /* OrderEntity.swift */ = {isa = PBXFileReference; fileEncoding = 4; lastKnownFileType = sourcecode.swift; path = OrderEntity.swift; sourceTree = "<group>"; };
		E4428D39255CE4F200F9C1D1 /* Data.swift */ = {isa = PBXFileReference; fileEncoding = 4; lastKnownFileType = sourcecode.swift; path = Data.swift; sourceTree = "<group>"; };
		E49EEFAA257297F400C44D68 /* GoogleService-Info.plist */ = {isa = PBXFileReference; fileEncoding = 4; lastKnownFileType = text.plist.xml; path = "GoogleService-Info.plist"; sourceTree = "<group>"; };
		E4C95CC52564D4D60094AC7A /* HuttePage.swift */ = {isa = PBXFileReference; lastKnownFileType = sourcecode.swift; path = HuttePage.swift; sourceTree = "<group>"; };
		E4C95CC7256506480094AC7A /* BentoView.swift */ = {isa = PBXFileReference; lastKnownFileType = sourcecode.swift; path = BentoView.swift; sourceTree = "<group>"; };
		E4DE04D52570CB5000910FE1 /* MyReservationView.swift */ = {isa = PBXFileReference; lastKnownFileType = sourcecode.swift; path = MyReservationView.swift; sourceTree = "<group>"; };
/* End PBXFileReference section */

/* Begin PBXFrameworksBuildPhase section */
		E4428D1C255CC05200F9C1D1 /* Frameworks */ = {
			isa = PBXFrameworksBuildPhase;
			buildActionMask = 2147483647;
			files = (
				ADAAF82AE765818A8BDCC464 /* Pods_KitamachiHutte.framework in Frameworks */,
			);
			runOnlyForDeploymentPostprocessing = 0;
		};
/* End PBXFrameworksBuildPhase section */

/* Begin PBXGroup section */
		D4C137334FA450067320314F /* Frameworks */ = {
			isa = PBXGroup;
			children = (
				E32C2FC74658F709816F42C1 /* Pods_KitamachiHutte.framework */,
			);
			name = Frameworks;
			sourceTree = "<group>";
		};
		D89C2102712EA7C45533E609 /* Pods */ = {
			isa = PBXGroup;
			children = (
				653E626EF4265EE71569448E /* Pods-KitamachiHutte.debug.xcconfig */,
				7FD5F7C7DCD7BE1031FA2116 /* Pods-KitamachiHutte.release.xcconfig */,
			);
			path = Pods;
			sourceTree = "<group>";
		};
		E4428D16255CC05200F9C1D1 = {
			isa = PBXGroup;
			children = (
				E4428D21255CC05200F9C1D1 /* KitamachiHutte */,
				E4428D20255CC05200F9C1D1 /* Products */,
				D89C2102712EA7C45533E609 /* Pods */,
				D4C137334FA450067320314F /* Frameworks */,
			);
			sourceTree = "<group>";
		};
		E4428D20255CC05200F9C1D1 /* Products */ = {
			isa = PBXGroup;
			children = (
				E4428D1F255CC05200F9C1D1 /* KitamachiHutte.app */,
			);
			name = Products;
			sourceTree = "<group>";
		};
		E4428D21255CC05200F9C1D1 /* KitamachiHutte */ = {
			isa = PBXGroup;
			children = (
				E4428D22255CC05200F9C1D1 /* AppDelegate.swift */,
				E4428D24255CC05200F9C1D1 /* SceneDelegate.swift */,
				E45A6B54256E916C00B619EA /* View */,
				E45A6B55256E917700B619EA /* ViewModel */,
				E45A6B53256E915B00B619EA /* Model */,
				E4428D28255CC05700F9C1D1 /* Assets.xcassets */,
				E4428D2D255CC05700F9C1D1 /* LaunchScreen.storyboard */,
				E4428D30255CC05700F9C1D1 /* Info.plist */,
				E49EEFAA257297F400C44D68 /* GoogleService-Info.plist */,
				E4428D2A255CC05700F9C1D1 /* Preview Content */,
			);
			path = KitamachiHutte;
			sourceTree = "<group>";
		};
		E4428D2A255CC05700F9C1D1 /* Preview Content */ = {
			isa = PBXGroup;
			children = (
				E4428D2B255CC05700F9C1D1 /* Preview Assets.xcassets */,
			);
			path = "Preview Content";
			sourceTree = "<group>";
		};
		E45A6B53256E915B00B619EA /* Model */ = {
			isa = PBXGroup;
			children = (
				E436B79F255E090F0043CA82 /* Special.swift */,
				E4428D39255CE4F200F9C1D1 /* Data.swift */,
				E4428D38255CE4F200F9C1D1 /* OrderEntity.swift */,
				E43A6570257347D6008AF4C8 /* ReservationData.swift */,
				E45A6B57256E921200B619EA /* JSONData */,
			);
			path = Model;
			sourceTree = "<group>";
		};
		E45A6B54256E916C00B619EA /* View */ = {
			isa = PBXGroup;
			children = (
				E4428D26255CC05200F9C1D1 /* ContentView.swift */,
				E436B7A8255E3E230043CA82 /* HomeView.swift */,
				E4336FB525624EC8003F03C8 /* PageView.swift */,
				E4336FBD25625E03003F03C8 /* SpecialCard.swift */,
				E4336FBB25625C4D003F03C8 /* TextOverlay.swift */,
				E436B7A4255E38A50043CA82 /* CategoryRow.swift */,
				E4C95CC7256506480094AC7A /* BentoView.swift */,
				E4C95CC52564D4D60094AC7A /* HuttePage.swift */,
				E4336FBF256260F2003F03C8 /* MapView.swift */,
				E44037662565F43500A33BF3 /* ReservationView.swift */,
				E4403770256645DA00A33BF3 /* ReservationDetail.swift */,
				E440376A25661BC400A33BF3 /* SubMenu.swift */,
				E440376E256631B700A33BF3 /* NameView.swift */,
				E4DE04D52570CB5000910FE1 /* MyReservationView.swift */,
				E43A6574257363C3008AF4C8 /* OwnerView.swift */,
				E43A657D257366DB008AF4C8 /* OwnerViewRow.swift */,
			);
			path = View;
			sourceTree = "<group>";
		};
		E45A6B55256E917700B619EA /* ViewModel */ = {
			isa = PBXGroup;
			children = (
				E4428D36255CD18800F9C1D1 /* UserDefault.swift */,
				E4336FB725625941003F03C8 /* PageViewController.swift */,
				E4336FB825625941003F03C8 /* PageControl.swift */,
				E4336FB325622AFA003F03C8 /* KeyboardObserver.swift */,
			);
			path = ViewModel;
			sourceTree = "<group>";
		};
		E45A6B57256E921200B619EA /* JSONData */ = {
			isa = PBXGroup;
			children = (
				E436B79E255E090F0043CA82 /* special.json */,
			);
			path = JSONData;
			sourceTree = "<group>";
		};
/* End PBXGroup section */

/* Begin PBXNativeTarget section */
		E4428D1E255CC05200F9C1D1 /* KitamachiHutte */ = {
			isa = PBXNativeTarget;
			buildConfigurationList = E4428D33255CC05700F9C1D1 /* Build configuration list for PBXNativeTarget "KitamachiHutte" */;
			buildPhases = (
				34D85A5032D9C90BDAAB49E1 /* [CP] Check Pods Manifest.lock */,
				E4428D1B255CC05200F9C1D1 /* Sources */,
				E4428D1C255CC05200F9C1D1 /* Frameworks */,
				E4428D1D255CC05200F9C1D1 /* Resources */,
				58B5F357BEADC9357B7087B9 /* [CP] Embed Pods Frameworks */,
			);
			buildRules = (
			);
			dependencies = (
			);
			name = KitamachiHutte;
			productName = KitamachiHutte;
			productReference = E4428D1F255CC05200F9C1D1 /* KitamachiHutte.app */;
			productType = "com.apple.product-type.application";
		};
/* End PBXNativeTarget section */

/* Begin PBXProject section */
		E4428D17255CC05200F9C1D1 /* Project object */ = {
			isa = PBXProject;
			attributes = {
				LastSwiftUpdateCheck = 1160;
				LastUpgradeCheck = 1220;
				ORGANIZATIONNAME = Yoshitaka;
				TargetAttributes = {
					E4428D1E255CC05200F9C1D1 = {
						CreatedOnToolsVersion = 11.6;
					};
				};
			};
			buildConfigurationList = E4428D1A255CC05200F9C1D1 /* Build configuration list for PBXProject "KitamachiHutte" */;
			compatibilityVersion = "Xcode 9.3";
			developmentRegion = en;
			hasScannedForEncodings = 0;
			knownRegions = (
				en,
				Base,
				ja,
			);
			mainGroup = E4428D16255CC05200F9C1D1;
			productRefGroup = E4428D20255CC05200F9C1D1 /* Products */;
			projectDirPath = "";
			projectRoot = "";
			targets = (
				E4428D1E255CC05200F9C1D1 /* KitamachiHutte */,
			);
		};
/* End PBXProject section */

/* Begin PBXResourcesBuildPhase section */
		E4428D1D255CC05200F9C1D1 /* Resources */ = {
			isa = PBXResourcesBuildPhase;
			buildActionMask = 2147483647;
			files = (
				E4428D2F255CC05700F9C1D1 /* LaunchScreen.storyboard in Resources */,
				E436B7A0255E090F0043CA82 /* special.json in Resources */,
				E4428D2C255CC05700F9C1D1 /* Preview Assets.xcassets in Resources */,
				E4428D29255CC05700F9C1D1 /* Assets.xcassets in Resources */,
				E49EEFAB257297F400C44D68 /* GoogleService-Info.plist in Resources */,
			);
			runOnlyForDeploymentPostprocessing = 0;
		};
/* End PBXResourcesBuildPhase section */

/* Begin PBXShellScriptBuildPhase section */
		34D85A5032D9C90BDAAB49E1 /* [CP] Check Pods Manifest.lock */ = {
			isa = PBXShellScriptBuildPhase;
			buildActionMask = 2147483647;
			files = (
			);
			inputFileListPaths = (
			);
			inputPaths = (
				"${PODS_PODFILE_DIR_PATH}/Podfile.lock",
				"${PODS_ROOT}/Manifest.lock",
			);
			name = "[CP] Check Pods Manifest.lock";
			outputFileListPaths = (
			);
			outputPaths = (
				"$(DERIVED_FILE_DIR)/Pods-KitamachiHutte-checkManifestLockResult.txt",
			);
			runOnlyForDeploymentPostprocessing = 0;
			shellPath = /bin/sh;
			shellScript = "diff \"${PODS_PODFILE_DIR_PATH}/Podfile.lock\" \"${PODS_ROOT}/Manifest.lock\" > /dev/null\nif [ $? != 0 ] ; then\n    # print error to STDERR\n    echo \"error: The sandbox is not in sync with the Podfile.lock. Run 'pod install' or update your CocoaPods installation.\" >&2\n    exit 1\nfi\n# This output is used by Xcode 'outputs' to avoid re-running this script phase.\necho \"SUCCESS\" > \"${SCRIPT_OUTPUT_FILE_0}\"\n";
			showEnvVarsInLog = 0;
		};
		58B5F357BEADC9357B7087B9 /* [CP] Embed Pods Frameworks */ = {
			isa = PBXShellScriptBuildPhase;
			buildActionMask = 2147483647;
			files = (
			);
			inputFileListPaths = (
				"${PODS_ROOT}/Target Support Files/Pods-KitamachiHutte/Pods-KitamachiHutte-frameworks-${CONFIGURATION}-input-files.xcfilelist",
			);
			name = "[CP] Embed Pods Frameworks";
			outputFileListPaths = (
				"${PODS_ROOT}/Target Support Files/Pods-KitamachiHutte/Pods-KitamachiHutte-frameworks-${CONFIGURATION}-output-files.xcfilelist",
			);
			runOnlyForDeploymentPostprocessing = 0;
			shellPath = /bin/sh;
			shellScript = "\"${PODS_ROOT}/Target Support Files/Pods-KitamachiHutte/Pods-KitamachiHutte-frameworks.sh\"\n";
			showEnvVarsInLog = 0;
		};
/* End PBXShellScriptBuildPhase section */

/* Begin PBXSourcesBuildPhase section */
		E4428D1B255CC05200F9C1D1 /* Sources */ = {
			isa = PBXSourcesBuildPhase;
			buildActionMask = 2147483647;
			files = (
				E4336FC0256260F2003F03C8 /* MapView.swift in Sources */,
				E4428D37255CD18800F9C1D1 /* UserDefault.swift in Sources */,
				E440376F256631B700A33BF3 /* NameView.swift in Sources */,
				E436B7A9255E3E230043CA82 /* HomeView.swift in Sources */,
				E43A6571257347D6008AF4C8 /* ReservationData.swift in Sources */,
				E436B7A5255E38A50043CA82 /* CategoryRow.swift in Sources */,
				E4DE04D62570CB5000910FE1 /* MyReservationView.swift in Sources */,
				E4336FB625624EC8003F03C8 /* PageView.swift in Sources */,
				E4336FBA25625941003F03C8 /* PageControl.swift in Sources */,
				E4C95CC62564D4D60094AC7A /* HuttePage.swift in Sources */,
				E4336FBE25625E03003F03C8 /* SpecialCard.swift in Sources */,
				E4403771256645DA00A33BF3 /* ReservationDetail.swift in Sources */,
				E4428D3C255CE4F200F9C1D1 /* Data.swift in Sources */,
				E4428D23255CC05200F9C1D1 /* AppDelegate.swift in Sources */,
				E4C95CC8256506480094AC7A /* BentoView.swift in Sources */,
				E4336FB925625941003F03C8 /* PageViewController.swift in Sources */,
				E4336FB425622AFA003F03C8 /* KeyboardObserver.swift in Sources */,
				E43A657E257366DB008AF4C8 /* OwnerViewRow.swift in Sources */,
				E440376B25661BC400A33BF3 /* SubMenu.swift in Sources */,
				E44037672565F43500A33BF3 /* ReservationView.swift in Sources */,
				E43A6575257363C3008AF4C8 /* OwnerView.swift in Sources */,
				E4336FBC25625C4D003F03C8 /* TextOverlay.swift in Sources */,
				E4428D25255CC05200F9C1D1 /* SceneDelegate.swift in Sources */,
				E436B7A1255E090F0043CA82 /* Special.swift in Sources */,
				E4428D3B255CE4F200F9C1D1 /* OrderEntity.swift in Sources */,
				E4428D27255CC05200F9C1D1 /* ContentView.swift in Sources */,
			);
			runOnlyForDeploymentPostprocessing = 0;
		};
/* End PBXSourcesBuildPhase section */

/* Begin PBXVariantGroup section */
		E4428D2D255CC05700F9C1D1 /* LaunchScreen.storyboard */ = {
			isa = PBXVariantGroup;
			children = (
				E440376925660AFD00A33BF3 /* ja */,
			);
			name = LaunchScreen.storyboard;
			sourceTree = "<group>";
		};
/* End PBXVariantGroup section */

/* Begin XCBuildConfiguration section */
		E4428D31255CC05700F9C1D1 /* Debug */ = {
			isa = XCBuildConfiguration;
			buildSettings = {
				ALWAYS_SEARCH_USER_PATHS = NO;
				CLANG_ANALYZER_LOCALIZABILITY_NONLOCALIZED = YES;
				CLANG_ANALYZER_NONNULL = YES;
				CLANG_ANALYZER_NUMBER_OBJECT_CONVERSION = YES_AGGRESSIVE;
				CLANG_CXX_LANGUAGE_STANDARD = "gnu++14";
				CLANG_CXX_LIBRARY = "libc++";
				CLANG_ENABLE_MODULES = YES;
				CLANG_ENABLE_OBJC_ARC = YES;
				CLANG_ENABLE_OBJC_WEAK = YES;
				CLANG_WARN_BLOCK_CAPTURE_AUTORELEASING = YES;
				CLANG_WARN_BOOL_CONVERSION = YES;
				CLANG_WARN_COMMA = YES;
				CLANG_WARN_CONSTANT_CONVERSION = YES;
				CLANG_WARN_DEPRECATED_OBJC_IMPLEMENTATIONS = YES;
				CLANG_WARN_DIRECT_OBJC_ISA_USAGE = YES_ERROR;
				CLANG_WARN_DOCUMENTATION_COMMENTS = YES;
				CLANG_WARN_EMPTY_BODY = YES;
				CLANG_WARN_ENUM_CONVERSION = YES;
				CLANG_WARN_INFINITE_RECURSION = YES;
				CLANG_WARN_INT_CONVERSION = YES;
				CLANG_WARN_NON_LITERAL_NULL_CONVERSION = YES;
				CLANG_WARN_OBJC_IMPLICIT_RETAIN_SELF = YES;
				CLANG_WARN_OBJC_LITERAL_CONVERSION = YES;
				CLANG_WARN_OBJC_ROOT_CLASS = YES_ERROR;
				CLANG_WARN_QUOTED_INCLUDE_IN_FRAMEWORK_HEADER = YES;
				CLANG_WARN_RANGE_LOOP_ANALYSIS = YES;
				CLANG_WARN_STRICT_PROTOTYPES = YES;
				CLANG_WARN_SUSPICIOUS_MOVE = YES;
				CLANG_WARN_UNGUARDED_AVAILABILITY = YES_AGGRESSIVE;
				CLANG_WARN_UNREACHABLE_CODE = YES;
				CLANG_WARN__DUPLICATE_METHOD_MATCH = YES;
				COPY_PHASE_STRIP = NO;
				DEBUG_INFORMATION_FORMAT = dwarf;
				ENABLE_STRICT_OBJC_MSGSEND = YES;
				ENABLE_TESTABILITY = YES;
				GCC_C_LANGUAGE_STANDARD = gnu11;
				GCC_DYNAMIC_NO_PIC = NO;
				GCC_NO_COMMON_BLOCKS = YES;
				GCC_OPTIMIZATION_LEVEL = 0;
				GCC_PREPROCESSOR_DEFINITIONS = (
					"DEBUG=1",
					"$(inherited)",
				);
				GCC_WARN_64_TO_32_BIT_CONVERSION = YES;
				GCC_WARN_ABOUT_RETURN_TYPE = YES_ERROR;
				GCC_WARN_UNDECLARED_SELECTOR = YES;
				GCC_WARN_UNINITIALIZED_AUTOS = YES_AGGRESSIVE;
				GCC_WARN_UNUSED_FUNCTION = YES;
				GCC_WARN_UNUSED_VARIABLE = YES;
				IPHONEOS_DEPLOYMENT_TARGET = 13.0;
				MTL_ENABLE_DEBUG_INFO = INCLUDE_SOURCE;
				MTL_FAST_MATH = YES;
				ONLY_ACTIVE_ARCH = YES;
				SDKROOT = iphoneos;
				SWIFT_ACTIVE_COMPILATION_CONDITIONS = DEBUG;
				SWIFT_OPTIMIZATION_LEVEL = "-Onone";
			};
			name = Debug;
		};
		E4428D32255CC05700F9C1D1 /* Release */ = {
			isa = XCBuildConfiguration;
			buildSettings = {
				ALWAYS_SEARCH_USER_PATHS = NO;
				CLANG_ANALYZER_LOCALIZABILITY_NONLOCALIZED = YES;
				CLANG_ANALYZER_NONNULL = YES;
				CLANG_ANALYZER_NUMBER_OBJECT_CONVERSION = YES_AGGRESSIVE;
				CLANG_CXX_LANGUAGE_STANDARD = "gnu++14";
				CLANG_CXX_LIBRARY = "libc++";
				CLANG_ENABLE_MODULES = YES;
				CLANG_ENABLE_OBJC_ARC = YES;
				CLANG_ENABLE_OBJC_WEAK = YES;
				CLANG_WARN_BLOCK_CAPTURE_AUTORELEASING = YES;
				CLANG_WARN_BOOL_CONVERSION = YES;
				CLANG_WARN_COMMA = YES;
				CLANG_WARN_CONSTANT_CONVERSION = YES;
				CLANG_WARN_DEPRECATED_OBJC_IMPLEMENTATIONS = YES;
				CLANG_WARN_DIRECT_OBJC_ISA_USAGE = YES_ERROR;
				CLANG_WARN_DOCUMENTATION_COMMENTS = YES;
				CLANG_WARN_EMPTY_BODY = YES;
				CLANG_WARN_ENUM_CONVERSION = YES;
				CLANG_WARN_INFINITE_RECURSION = YES;
				CLANG_WARN_INT_CONVERSION = YES;
				CLANG_WARN_NON_LITERAL_NULL_CONVERSION = YES;
				CLANG_WARN_OBJC_IMPLICIT_RETAIN_SELF = YES;
				CLANG_WARN_OBJC_LITERAL_CONVERSION = YES;
				CLANG_WARN_OBJC_ROOT_CLASS = YES_ERROR;
				CLANG_WARN_QUOTED_INCLUDE_IN_FRAMEWORK_HEADER = YES;
				CLANG_WARN_RANGE_LOOP_ANALYSIS = YES;
				CLANG_WARN_STRICT_PROTOTYPES = YES;
				CLANG_WARN_SUSPICIOUS_MOVE = YES;
				CLANG_WARN_UNGUARDED_AVAILABILITY = YES_AGGRESSIVE;
				CLANG_WARN_UNREACHABLE_CODE = YES;
				CLANG_WARN__DUPLICATE_METHOD_MATCH = YES;
				COPY_PHASE_STRIP = NO;
				DEBUG_INFORMATION_FORMAT = "dwarf-with-dsym";
				ENABLE_NS_ASSERTIONS = NO;
				ENABLE_STRICT_OBJC_MSGSEND = YES;
				GCC_C_LANGUAGE_STANDARD = gnu11;
				GCC_NO_COMMON_BLOCKS = YES;
				GCC_WARN_64_TO_32_BIT_CONVERSION = YES;
				GCC_WARN_ABOUT_RETURN_TYPE = YES_ERROR;
				GCC_WARN_UNDECLARED_SELECTOR = YES;
				GCC_WARN_UNINITIALIZED_AUTOS = YES_AGGRESSIVE;
				GCC_WARN_UNUSED_FUNCTION = YES;
				GCC_WARN_UNUSED_VARIABLE = YES;
				IPHONEOS_DEPLOYMENT_TARGET = 13.0;
				MTL_ENABLE_DEBUG_INFO = NO;
				MTL_FAST_MATH = YES;
				SDKROOT = iphoneos;
				SWIFT_COMPILATION_MODE = wholemodule;
				SWIFT_OPTIMIZATION_LEVEL = "-O";
				VALIDATE_PRODUCT = YES;
			};
			name = Release;
		};
		E4428D34255CC05700F9C1D1 /* Debug */ = {
			isa = XCBuildConfiguration;
			baseConfigurationReference = 653E626EF4265EE71569448E /* Pods-KitamachiHutte.debug.xcconfig */;
			buildSettings = {
				ASSETCATALOG_COMPILER_APPICON_NAME = AppIcon;
				CODE_SIGN_STYLE = Automatic;
				CURRENT_PROJECT_VERSION = 2;
				DEVELOPMENT_ASSET_PATHS = "\"KitamachiHutte/Preview Content\"";
				DEVELOPMENT_TEAM = VKV3Y2GW5Q;
				ENABLE_PREVIEWS = YES;
				INFOPLIST_FILE = KitamachiHutte/Info.plist;
				LD_RUNPATH_SEARCH_PATHS = (
					"$(inherited)",
					"@executable_path/Frameworks",
				);
				MARKETING_VERSION = 1.0.1;
				PRODUCT_BUNDLE_IDENTIFIER = com.yoshitaka.KitamachiHutte;
				PRODUCT_NAME = "$(TARGET_NAME)";
				SWIFT_VERSION = 5.0;
				TARGETED_DEVICE_FAMILY = "1,2";
			};
			name = Debug;
		};
		E4428D35255CC05700F9C1D1 /* Release */ = {
			isa = XCBuildConfiguration;
			baseConfigurationReference = 7FD5F7C7DCD7BE1031FA2116 /* Pods-KitamachiHutte.release.xcconfig */;
			buildSettings = {
				ASSETCATALOG_COMPILER_APPICON_NAME = AppIcon;
				CODE_SIGN_STYLE = Automatic;
				CURRENT_PROJECT_VERSION = 2;
				DEVELOPMENT_ASSET_PATHS = "\"KitamachiHutte/Preview Content\"";
				DEVELOPMENT_TEAM = VKV3Y2GW5Q;
				ENABLE_PREVIEWS = YES;
				INFOPLIST_FILE = KitamachiHutte/Info.plist;
				LD_RUNPATH_SEARCH_PATHS = (
					"$(inherited)",
					"@executable_path/Frameworks",
				);
				MARKETING_VERSION = 1.0.1;
				PRODUCT_BUNDLE_IDENTIFIER = com.yoshitaka.KitamachiHutte;
				PRODUCT_NAME = "$(TARGET_NAME)";
				SWIFT_VERSION = 5.0;
				TARGETED_DEVICE_FAMILY = "1,2";
			};
			name = Release;
		};
/* End XCBuildConfiguration section */

/* Begin XCConfigurationList section */
		E4428D1A255CC05200F9C1D1 /* Build configuration list for PBXProject "KitamachiHutte" */ = {
			isa = XCConfigurationList;
			buildConfigurations = (
				E4428D31255CC05700F9C1D1 /* Debug */,
				E4428D32255CC05700F9C1D1 /* Release */,
			);
			defaultConfigurationIsVisible = 0;
			defaultConfigurationName = Release;
		};
		E4428D33255CC05700F9C1D1 /* Build configuration list for PBXNativeTarget "KitamachiHutte" */ = {
			isa = XCConfigurationList;
			buildConfigurations = (
				E4428D34255CC05700F9C1D1 /* Debug */,
				E4428D35255CC05700F9C1D1 /* Release */,
			);
			defaultConfigurationIsVisible = 0;
			defaultConfigurationName = Release;
		};
/* End XCConfigurationList section */
	};
	rootObject = E4428D17255CC05200F9C1D1 /* Project object */;
}
